hash: bff5feca76acd35e79321acf2cb48c5da92473b21f64cf75f49c8bc6f44c7779
updated: 2017-02-21T16:17:58.917335938+08:00
imports:
- name: github.com/asdine/storm
  version: de95a2ead13a0ec4cff5e37d21decd48b54a078f
  subpackages:
  - codec
  - codec/json
  - index
  - internal
  - q
- name: github.com/boltdb/bolt
  version: 583e8937c61f1af6513608ccc75c97b6abdf4ff9
- name: github.com/emirpasic/gods
  version: fc3e4a43ff31b0accc20d750d64ea4b45ee61a5e
  subpackages:
  - containers
  - trees
  - trees/redblacktree
  - utils
- name: github.com/julienschmidt/httprouter
  version: 8c199fb6259ffc1af525cc3ad52ee60ba8359669
- name: golang.org/x/sys
  version: d75a52659825e75fff6158388dddc6a5b04f9ba5
  subpackages:
  - unix
testImports: []
